
Microsoft Visual Studio Solution File, Format Version 12.00
# Visual Studio Version 17
VisualStudioVersion = 17.6.33712.159
MinimumVisualStudioVersion = 10.0.40219.1
Project("{9A19103F-16F7-4668-BE54-9A1E7A4F7556}") = "TestConcepts", "TestConcepts\TestConcepts.csproj", "{BD940F77-912C-4C65-B7A6-5A55DEB6C4D1}"
EndProject
Project("{2150E333-8FDC-42A3-9474-1A3956D46DE8}") = "Example", "Example", "{CA895DA6-78D5-414B-ADAB-63A53CFD3AF6}"
EndProject
Project("{9A19103F-16F7-4668-BE54-9A1E7A4F7556}") = "MyCalculator", "MyCalculator\MyCalculator.csproj", "{6E052B72-EA0F-4E2B-9834-BC39BBC98944}"
EndProject
Project("{FAE04EC0-301F-11D3-BF4B-00C04F79EFBC}") = "MyCalculator.Tests", "MyCalculator.Tests\MyCalculator.Tests.csproj", "{F6258FBF-2DF5-41D4-B25D-6E6D9F3950D5}"
EndProject
Global
	GlobalSection(SolutionConfigurationPlatforms) = preSolution
		Debug|Any CPU = Debug|Any CPU
		Release|Any CPU = Release|Any CPU
	EndGlobalSection
	GlobalSection(ProjectConfigurationPlatforms) = postSolution
		{BD940F77-912C-4C65-B7A6-5A55DEB6C4D1}.Debug|Any CPU.ActiveCfg = Debug|Any CPU
		{BD940F77-912C-4C65-B7A6-5A55DEB6C4D1}.Debug|Any CPU.Build.0 = Debug|Any CPU
		{BD940F77-912C-4C65-B7A6-5A55DEB6C4D1}.Release|Any CPU.ActiveCfg = Release|Any CPU
		{BD940F77-912C-4C65-B7A6-5A55DEB6C4D1}.Release|Any CPU.Build.0 = Release|Any CPU
		{6E052B72-EA0F-4E2B-9834-BC39BBC98944}.Debug|Any CPU.ActiveCfg = Debug|Any CPU
		{6E052B72-EA0F-4E2B-9834-BC39BBC98944}.Debug|Any CPU.Build.0 = Debug|Any CPU
		{6E052B72-EA0F-4E2B-9834-BC39BBC98944}.Release|Any CPU.ActiveCfg = Release|Any CPU
		{6E052B72-EA0F-4E2B-9834-BC39BBC98944}.Release|Any CPU.Build.0 = Release|Any CPU
		{F6258FBF-2DF5-41D4-B25D-6E6D9F3950D5}.Debug|Any CPU.ActiveCfg = Debug|Any CPU
		{F6258FBF-2DF5-41D4-B25D-6E6D9F3950D5}.Debug|Any CPU.Build.0 = Debug|Any CPU
		{F6258FBF-2DF5-41D4-B25D-6E6D9F3950D5}.Release|Any CPU.ActiveCfg = Release|Any CPU
		{F6258FBF-2DF5-41D4-B25D-6E6D9F3950D5}.Release|Any CPU.Build.0 = Release|Any CPU
	EndGlobalSection
	GlobalSection(SolutionProperties) = preSolution
		HideSolutionNode = FALSE
	EndGlobalSection
	GlobalSection(NestedProjects) = preSolution
		{6E052B72-EA0F-4E2B-9834-BC39BBC98944} = {CA895DA6-78D5-414B-ADAB-63A53CFD3AF6}
		{F6258FBF-2DF5-41D4-B25D-6E6D9F3950D5} = {CA895DA6-78D5-414B-ADAB-63A53CFD3AF6}
	EndGlobalSection
	GlobalSection(ExtensibilityGlobals) = postSolution
		SolutionGuid = {D5F1A7A2-91DF-4FCA-A45F-101C915389C2}
	EndGlobalSection
EndGlobal
